PackratFormat: 1.4
PackratVersion: 0.4.8.1
RVersion: 3.3.2
Repos: BioCsoft=https://bioconductor.org/packages/3.4/bioc,
    BioCann=https://bioconductor.org/packages/3.4/data/annotation,
    BioCexp=https://bioconductor.org/packages/3.4/data/experiment,
    BioCextra=https://bioconductor.org/packages/3.4/extra,
    CRAN=https://cran.rstudio.com/,
    CRANextra=https://www.stats.ox.ac.uk/pub/RWin

Package: MASS
Source: CRAN
Version: 7.3-45
Hash: 0650d5701aa7e369e77c9e2c8e1dc913

Package: MatrixModels
Source: CRAN
Version: 0.4-1
Hash: 60a5c75e57aae4a0ce76cb7422939aaf

Package: ModelMetrics
Source: CRAN
Version: 1.1.0
Hash: b634a8ccdc619ae6d4287a8eb1a0c8a5
Requires: Rcpp

Package: RColorBrewer
Source: CRAN
Version: 1.1-2
Hash: c0d56cd15034f395874c870141870c25

Package: Rcpp
Source: CRAN
Version: 0.12.8
Hash: 436ad5c23fad4e22224c7ac2fc82b049

Package: RcppEigen
Source: CRAN
Version: 0.3.2.9.0
Hash: 190c54763f088d4e8684d69ffb56a9c3
Requires: Rcpp

Package: SparseM
Source: CRAN
Version: 1.74
Hash: 6e721db472ee268f293f33dff509c615

Package: abc
Source: CRAN
Version: 2.1
Hash: c195d05f7089b98fce16f3e337d01627
Requires: abc.data, locfit, quantreg

Package: abc.data
Source: CRAN
Version: 1.0
Hash: bd04555d840be7330bb86d9f6aa68886

Package: ape
Source: CRAN
Version: 4.0
Hash: 8f9a0ee5914540909d398f17b11c809f

Package: assertthat
Source: CRAN
Version: 0.1
Hash: 0afb92b59b02593c70ff8046700ba9d3

Package: brew
Source: CRAN
Version: 1.0-6
Hash: 931f9972deae0f205e1c78a51f33149b

Package: car
Source: CRAN
Version: 2.1-4
Hash: d8cc2f66d4ba0c91312f1c1c5773d502
Requires: pbkrtest, quantreg

Package: caret
Source: CRAN
Version: 6.0-73
Hash: b4b1006c635b016d1e33a98789e228ba
Requires: ModelMetrics, car, foreach, ggplot2, plyr, reshape2

Package: colorspace
Source: CRAN
Version: 1.3-1
Hash: a28c977a419f4a42621984f3770f2dac

Package: dichromat
Source: CRAN
Version: 2.0-0
Hash: 08eed0c80510af29bb15f840ccfe37ce

Package: digest
Source: CRAN
Version: 0.6.10
Hash: 87165608ca8aeb0958835c3c5b52b6b7

Package: foreach
Source: CRAN
Version: 1.4.3
Hash: cd53ef4cf29dc59ce3f8c5c1af735fd1
Requires: iterators

Package: ggplot2
Source: CRAN
Version: 2.2.0
Hash: 78c14285e0c114542d051a09bd552472
Requires: digest, gtable, lazyeval, plyr, reshape2, scales, tibble

Package: gtable
Source: CRAN
Version: 0.2.0
Hash: cd78381a9d3fea966ac39bd0daaf5554

Package: iterators
Source: CRAN
Version: 1.0.8
Hash: 488b93c2a4166db0d15f1e8d882cb1d4

Package: labeling
Source: CRAN
Version: 0.3
Hash: ecf589b42cd284b03a4beb9665482d3e

Package: lazyeval
Source: CRAN
Version: 0.2.0
Hash: 3d6e7608e65bbf5cb170dab1e3c9ed8b

Package: lme4
Source: CRAN
Version: 1.1-12
Hash: 71d6bd20eb374245f7b852e9b4995f22
Requires: Rcpp, RcppEigen, minqa, nloptr

Package: locfit
Source: CRAN
Version: 1.5-9.1
Hash: f8adf87b055dff233b7c3f5b4a174554

Package: magrittr
Source: CRAN
Version: 1.5
Hash: bdc4d48c3135e8f3b399536ddf160df4

Package: minqa
Source: CRAN
Version: 1.2.4
Hash: 880cf962f1a3a359a733c42de76f3729
Requires: Rcpp

Package: munsell
Source: CRAN
Version: 0.4.3
Hash: f96d896947fcaf9b6d0074002e9f4f9d
Requires: colorspace

Package: nloptr
Source: CRAN
Version: 1.0.4
Hash: 8053df240a4635aeb54fc68c6de67709

Package: packrat
Source: CRAN
Version: 0.4.8-1
Hash: 6ad605ba7b4b476d84be6632393f5765

Package: pbkrtest
Source: CRAN
Version: 0.4-6
Hash: 8117c37e2e3078e3c6465134bac6956e
Requires: lme4

Package: phyclust
Source: CRAN
Version: 0.1-18
Hash: dee93f9f5eff9f8c12504d191cde4bda
Requires: ape

Package: pls
Source: CRAN
Version: 2.5-0
Hash: e94cd164a99396e517bc17f8e8847736

Package: plyr
Source: CRAN
Version: 1.8.4
Hash: fee2f470d73a85f4db7e89d771427e57
Requires: Rcpp

Package: quantreg
Source: CRAN
Version: 5.29
Hash: a06b5a1adfd5068a49e8e960b884d08e
Requires: MatrixModels, SparseM

Package: reshape2
Source: CRAN
Version: 1.4.2
Hash: fd2714b51cb380c30fec1687005587a2
Requires: Rcpp, plyr, stringr

Package: roxygen2
Source: CRAN
Version: 5.0.1
Hash: fd554bf7b028b1e8a65f2b9adcafa4f6
Requires: Rcpp, brew, digest, stringi, stringr

Package: scales
Source: CRAN
Version: 0.4.1
Hash: cf658953d600d4736b058df1558df481
Requires: RColorBrewer, Rcpp, dichromat, labeling, munsell, plyr

Package: stringi
Source: CRAN
Version: 1.1.2
Hash: 1ad6b1cc11d982ac233bf2fa2f7c9684

Package: stringr
Source: CRAN
Version: 1.1.0
Hash: 4d21d0063b37a17ea18eaec6acd29bf3
Requires: magrittr, stringi

Package: tibble
Source: CRAN
Version: 1.2
Hash: ee28ae66deec042f19aff6fa10f5f8d5
Requires: Rcpp, assertthat, lazyeval
